
Microsoft Visual Studio Solution File, Format Version 12.00
# Visual Studio Version 17
VisualStudioVersion = 17.4.33213.308
MinimumVisualStudioVersion = 10.0.40219.1
Project("{9A19103F-16F7-4668-BE54-9A1E7A4F7556}") = "Entities", "Entities\Entities.csproj", "{12715891-9FDF-4C31-8EDD-551C272FC5D4}"
EndProject
Project("{9A19103F-16F7-4668-BE54-9A1E7A4F7556}") = "Contracts", "Contracts\Contracts.csproj", "{1512F805-5484-4A65-A256-AF763CC17041}"
EndProject
Project("{9A19103F-16F7-4668-BE54-9A1E7A4F7556}") = "LoggerManager", "LoggerService\LoggerManager.csproj", "{2FB23872-44B1-4586-927F-4313D21EFBE3}"
EndProject
Project("{9A19103F-16F7-4668-BE54-9A1E7A4F7556}") = "Repository", "Repository\Repository.csproj", "{17678D68-6045-4565-AC23-5D92E750EDBD}"
EndProject
Project("{9A19103F-16F7-4668-BE54-9A1E7A4F7556}") = "StudentsApi", "StudentApi\StudentsApi.csproj", "{FA25EFAA-44D8-49F9-B9A5-3E29E306CC1D}"
EndProject
Global
	GlobalSection(SolutionConfigurationPlatforms) = preSolution
		Debug|Any CPU = Debug|Any CPU
		Release|Any CPU = Release|Any CPU
	EndGlobalSection
	GlobalSection(ProjectConfigurationPlatforms) = postSolution
		{12715891-9FDF-4C31-8EDD-551C272FC5D4}.Debug|Any CPU.ActiveCfg = Debug|Any CPU
		{12715891-9FDF-4C31-8EDD-551C272FC5D4}.Debug|Any CPU.Build.0 = Debug|Any CPU
		{12715891-9FDF-4C31-8EDD-551C272FC5D4}.Release|Any CPU.ActiveCfg = Release|Any CPU
		{12715891-9FDF-4C31-8EDD-551C272FC5D4}.Release|Any CPU.Build.0 = Release|Any CPU
		{1512F805-5484-4A65-A256-AF763CC17041}.Debug|Any CPU.ActiveCfg = Debug|Any CPU
		{1512F805-5484-4A65-A256-AF763CC17041}.Debug|Any CPU.Build.0 = Debug|Any CPU
		{1512F805-5484-4A65-A256-AF763CC17041}.Release|Any CPU.ActiveCfg = Release|Any CPU
		{1512F805-5484-4A65-A256-AF763CC17041}.Release|Any CPU.Build.0 = Release|Any CPU
		{2FB23872-44B1-4586-927F-4313D21EFBE3}.Debug|Any CPU.ActiveCfg = Debug|Any CPU
		{2FB23872-44B1-4586-927F-4313D21EFBE3}.Debug|Any CPU.Build.0 = Debug|Any CPU
		{2FB23872-44B1-4586-927F-4313D21EFBE3}.Release|Any CPU.ActiveCfg = Release|Any CPU
		{2FB23872-44B1-4586-927F-4313D21EFBE3}.Release|Any CPU.Build.0 = Release|Any CPU
		{17678D68-6045-4565-AC23-5D92E750EDBD}.Debug|Any CPU.ActiveCfg = Debug|Any CPU
		{17678D68-6045-4565-AC23-5D92E750EDBD}.Debug|Any CPU.Build.0 = Debug|Any CPU
		{17678D68-6045-4565-AC23-5D92E750EDBD}.Release|Any CPU.ActiveCfg = Release|Any CPU
		{17678D68-6045-4565-AC23-5D92E750EDBD}.Release|Any CPU.Build.0 = Release|Any CPU
		{FA25EFAA-44D8-49F9-B9A5-3E29E306CC1D}.Debug|Any CPU.ActiveCfg = Debug|Any CPU
		{FA25EFAA-44D8-49F9-B9A5-3E29E306CC1D}.Debug|Any CPU.Build.0 = Debug|Any CPU
		{FA25EFAA-44D8-49F9-B9A5-3E29E306CC1D}.Release|Any CPU.ActiveCfg = Release|Any CPU
		{FA25EFAA-44D8-49F9-B9A5-3E29E306CC1D}.Release|Any CPU.Build.0 = Release|Any CPU
	EndGlobalSection
	GlobalSection(SolutionProperties) = preSolution
		HideSolutionNode = FALSE
	EndGlobalSection
	GlobalSection(ExtensibilityGlobals) = postSolution
		SolutionGuid = {77FBC8B6-CB6B-4A1E-B36F-213D453335FF}
	EndGlobalSection
EndGlobal
